
Microsoft Visual Studio Solution File, Format Version 12.00
# Visual Studio Version 17
VisualStudioVersion = 17.9.34407.89
MinimumVisualStudioVersion = 10.0.40219.1
Project("{9A19103F-16F7-4668-BE54-9A1E7A4F7556}") = "WebApp", "WebApp\WebApp.csproj", "{772F591A-E9FC-4CDC-82DF-198F24FFAF15}"
EndProject
Project("{2150E333-8FDC-42A3-9474-1A3956D46DE8}") = "src", "src", "{5EAF6A24-48B0-4A52-AB9D-2177BBF0D966}"
EndProject
Global
	GlobalSection(SolutionConfigurationPlatforms) = preSolution
		Debug|Any CPU = Debug|Any CPU
		Release|Any CPU = Release|Any CPU
	EndGlobalSection
	GlobalSection(ProjectConfigurationPlatforms) = postSolution
		{772F591A-E9FC-4CDC-82DF-198F24FFAF15}.Debug|Any CPU.ActiveCfg = Debug|Any CPU
		{772F591A-E9FC-4CDC-82DF-198F24FFAF15}.Debug|Any CPU.Build.0 = Debug|Any CPU
		{772F591A-E9FC-4CDC-82DF-198F24FFAF15}.Release|Any CPU.ActiveCfg = Release|Any CPU
		{772F591A-E9FC-4CDC-82DF-198F24FFAF15}.Release|Any CPU.Build.0 = Release|Any CPU
	EndGlobalSection
	GlobalSection(SolutionProperties) = preSolution
		HideSolutionNode = FALSE
	EndGlobalSection
	GlobalSection(NestedProjects) = preSolution
		{772F591A-E9FC-4CDC-82DF-198F24FFAF15} = {5EAF6A24-48B0-4A52-AB9D-2177BBF0D966}
	EndGlobalSection
	GlobalSection(ExtensibilityGlobals) = postSolution
		SolutionGuid = {003D7723-5410-4F97-A1B7-E2A314EFECA9}
	EndGlobalSection
EndGlobal
